PODS:
  - Alamofire (3.5.1)
  - Alamofire-SwiftyJSON (0.1.1):
    - Alamofire (~> 3.4)
    - SwiftyJSON (~> 2.3)
  - Braintree (4.7.0):
    - Braintree/Card (= 4.7.0)
    - Braintree/Core (= 4.7.0)
    - Braintree/PayPal (= 4.7.0)
    - Braintree/UI (= 4.7.0)
  - Braintree/Card (4.7.0):
    - Braintree/Core
  - Braintree/Core (4.7.0)
  - Braintree/PayPal (4.7.0):
    - Braintree/Core
    - Braintree/PayPalOneTouch
  - Braintree/PayPalDataCollector (4.7.0):
    - Braintree/Core
    - Braintree/PayPalUtils
  - Braintree/PayPalOneTouch (4.7.0):
    - Braintree/Core
    - Braintree/PayPalDataCollector
    - Braintree/PayPalUtils
  - Braintree/PayPalUtils (4.7.0)
  - Braintree/UI (4.7.0):
    - Braintree/Card
    - Braintree/Core
  - Firebase (3.6.0):
    - Firebase/Core (= 3.6.0)
  - Firebase/Analytics (3.6.0):
    - FirebaseAnalytics (= 3.4.2)
  - Firebase/Auth (3.6.0):
    - Firebase/Analytics
    - FirebaseAuth (= 3.0.5)
  - Firebase/Core (3.6.0):
    - Firebase/Analytics
  - Firebase/Database (3.6.0):
    - Firebase/Analytics
    - FirebaseDatabase (= 3.0.3)
  - Firebase/Storage (3.6.0):
    - Firebase/Analytics
    - FirebaseStorage (= 1.0.3)
  - FirebaseAnalytics (3.4.2):
    - FirebaseInstanceID (~> 1.0)
    - GoogleInterchangeUtilities (~> 1.2)
    - GoogleSymbolUtilities (~> 1.1)
    - GoogleUtilities (~> 1.2)
  - FirebaseAuth (3.0.5):
    - FirebaseAnalytics (~> 3.3)
    - GoogleNetworkingUtilities (~> 1.2)
    - GoogleUtilities (~> 1.2)
  - FirebaseDatabase (3.0.3):
    - FirebaseAnalytics (~> 3.3)
  - FirebaseInstanceID (1.0.8)
  - FirebaseStorage (1.0.3):
    - FirebaseAnalytics (~> 3.3)
    - GoogleNetworkingUtilities (~> 1.2)
  - GoogleInterchangeUtilities (1.2.1):
    - GoogleSymbolUtilities (~> 1.0)
  - GoogleMaps (2.1.0):
    - GoogleMaps/Maps (= 2.1.0)
  - GoogleMaps/Base (2.1.0)
  - GoogleMaps/Maps (2.1.0):
    - GoogleMaps/Base (= 2.1.0)
  - GoogleNetworkingUtilities (1.2.1):
    - GoogleSymbolUtilities (~> 1.0)
  - GooglePlaces (2.1.0):
    - GoogleMaps/Base (= 2.1.0)
  - GoogleSymbolUtilities (1.1.1)
  - GoogleUtilities (1.3.1):
    - GoogleSymbolUtilities (~> 1.0)
  - SDWebImage (3.8.2):
    - SDWebImage/Core (= 3.8.2)
  - SDWebImage/Core (3.8.2)
  - SwiftyJSON (2.4.0)
  - SWRevealViewController (2.3.0)

DEPENDENCIES:
  - Alamofire-SwiftyJSON
  - Braintree
  - Firebase (~> 3.5)
  - Firebase/Auth
  - Firebase/Database
  - Firebase/Storage
  - FirebaseAuth (~> 3.0)
  - GoogleMaps
  - GooglePlaces
  - SDWebImage
  - SWRevealViewController (~> 2.3)

SPEC CHECKSUMS:
  Alamofire: 0dfba1184a543e2aa160f4e39cac4e8aba48d223
  Alamofire-SwiftyJSON: 5812bb37accc36897cc2f2dabb070d8ebcd7ac98
  Braintree: 2d53c805e93a5830a4359a757be50fc0f25392a9
  Firebase: 34187200ef4979dbd485c7aa685ef078bf587c86
  FirebaseAnalytics: 3f5358d9104adf159cc8d99b7b501e50099a39ad
  FirebaseAuth: 75a062bbf2d3c97d1e6e55bbc110e13a6853e25d
  FirebaseDatabase: 750a4a0fe18ef114318876fd654b2d9c671e0992
  FirebaseInstanceID: ba1e640935235e5fac39dfa816fe7660e72e1a8a
  FirebaseStorage: 3992817bf405f5c1a4f8349678d22724cd0ef509
  GoogleInterchangeUtilities: def8415a862effc67d549d5b5b0b9c7a2f97d4de
  GoogleMaps: 06589b9a38097bce0cd6e90f0fd9b5e4b4a9344c
  GoogleNetworkingUtilities: 3e83269048cfb498dc7ec83ab36813360965c74f
  GooglePlaces: 16e96266483b8010e9f275399403647978523c86
  GoogleSymbolUtilities: 33117db1b5f290c6fbf259585e4885b4c84b98d7
  GoogleUtilities: 56c5ac05b7aa5dc417a1bb85221a9516e04d7032
  SDWebImage: 098e97e6176540799c27e804c96653ee0833d13c
  SwiftyJSON: 96918c1bf505efa50c4f72957018dd3452090c9c
  SWRevealViewController: 6d3fd97f70112fd7cef9de14df4260eacce4c63a

PODFILE CHECKSUM: ecd720d3765931b9f96da7cfdc26b72dd06b0445

COCOAPODS: 1.0.1
